// !$*UTF8*$!
{
	archiveVersion = 1;
	classes = {
	};
	objectVersion = 77;
	objects = {

/* Begin PBXContainerItemProxy section */
		6B2DD8752ECF51C40029128A /* PBXContainerItemProxy */ = {
			isa = PBXContainerItemProxy;
			containerPortal = 6B2DD8562ECF51BE0029128A /* Project object */;
			proxyType = 1;
			remoteGlobalIDString = 6B2DD85D2ECF51BE0029128A;
			remoteInfo = "entrevista-tecnica";
		};
		6B2DD87F2ECF51C40029128A /* PBXContainerItemProxy */ = {
			isa = PBXContainerItemProxy;
			containerPortal = 6B2DD8562ECF51BE0029128A /* Project object */;
			proxyType = 1;
			remoteGlobalIDString = 6B2DD85D2ECF51BE0029128A;
			remoteInfo = "entrevista-tecnica";
		};
/* End PBXContainerItemProxy section */

/* Begin PBXFileReference section */
		6B2DD85E2ECF51BE0029128A /* entrevista-tecnica.app */ = {isa = PBXFileReference; explicitFileType = wrapper.application; includeInIndex = 0; path = "entrevista-tecnica.app"; sourceTree = BUILT_PRODUCTS_DIR; };
		6B2DD8742ECF51C40029128A /* entrevista-tecnicaTests.xctest */ = {isa = PBXFileReference; explicitFileType = wrapper.cfbundle; includeInIndex = 0; path = "entrevista-tecnicaTests.xctest"; sourceTree = BUILT_PRODUCTS_DIR; };
		6B2DD87E2ECF51C40029128A /* entrevista-tecnicaUITests.xctest */ = {isa = PBXFileReference; explicitFileType = wrapper.cfbundle; includeInIndex = 0; path = "entrevista-tecnicaUITests.xctest"; sourceTree = BUILT_PRODUCTS_DIR; };
/* End PBXFileReference section */

/* Begin PBXFileSystemSynchronizedBuildFileExceptionSet section */
		6B2DD8862ECF51C40029128A /* Exceptions for "entrevista-tecnica" folder in "entrevista-tecnica" target */ = {
			isa = PBXFileSystemSynchronizedBuildFileExceptionSet;
			membershipExceptions = (
				Info.plist,
			);
			target = 6B2DD85D2ECF51BE0029128A /* entrevista-tecnica */;
		};
/* End PBXFileSystemSynchronizedBuildFileExceptionSet section */

/* Begin PBXFileSystemSynchronizedRootGroup section */
		6B2DD8602ECF51BE0029128A /* entrevista-tecnica */ = {
			isa = PBXFileSystemSynchronizedRootGroup;
			exceptions = (
				6B2DD8862ECF51C40029128A /* Exceptions for "entrevista-tecnica" folder in "entrevista-tecnica" target */,
			);
			path = "entrevista-tecnica";
			sourceTree = "<group>";
		};
		6B2DD8772ECF51C40029128A /* entrevista-tecnicaTests */ = {
			isa = PBXFileSystemSynchronizedRootGroup;
			path = "entrevista-tecnicaTests";
			sourceTree = "<group>";
		};
		6B2DD8812ECF51C40029128A /* entrevista-tecnicaUITests */ = {
			isa = PBXFileSystemSynchronizedRootGroup;
			path = "entrevista-tecnicaUITests";
			sourceTree = "<group>";
		};
/* End PBXFileSystemSynchronizedRootGroup section */

/* Begin PBXFrameworksBuildPhase section */
		6B2DD85B2ECF51BE0029128A /* Frameworks */ = {
			isa = PBXFrameworksBuildPhase;
			buildActionMask = 2147483647;
			files = (
			);
			runOnlyForDeploymentPostprocessing = 0;
		};
		6B2DD8712ECF51C40029128A /* Frameworks */ = {
			isa = PBXFrameworksBuildPhase;
			buildActionMask = 2147483647;
			files = (
			);
			runOnlyForDeploymentPostprocessing = 0;
		};
		6B2DD87B2ECF51C40029128A /* Frameworks */ = {
			isa = PBXFrameworksBuildPhase;
			buildActionMask = 2147483647;
			files = (
			);
			runOnlyForDeploymentPostprocessing = 0;
		};
/* End PBXFrameworksBuildPhase section */

/* Begin PBXGroup section */
		6B2DD8552ECF51BE0029128A = {
			isa = PBXGroup;
			children = (
				6B2DD8602ECF51BE0029128A /* entrevista-tecnica */,
				6B2DD8772ECF51C40029128A /* entrevista-tecnicaTests */,
				6B2DD8812ECF51C40029128A /* entrevista-tecnicaUITests */,
				6B2DD85F2ECF51BE0029128A /* Products */,
			);
			sourceTree = "<group>";
		};
		6B2DD85F2ECF51BE0029128A /* Products */ = {
			isa = PBXGroup;
			children = (
				6B2DD85E2ECF51BE0029128A /* entrevista-tecnica.app */,
				6B2DD8742ECF51C40029128A /* entrevista-tecnicaTests.xctest */,
				6B2DD87E2ECF51C40029128A /* entrevista-tecnicaUITests.xctest */,
			);
			name = Products;
			sourceTree = "<group>";
		};
/* End PBXGroup section */

/* Begin PBXNativeTarget section */
		6B2DD85D2ECF51BE0029128A /* entrevista-tecnica */ = {
			isa = PBXNativeTarget;
			buildConfigurationList = 6B2DD8872ECF51C40029128A /* Build configuration list for PBXNativeTarget "entrevista-tecnica" */;
			buildPhases = (
				6B2DD85A2ECF51BE0029128A /* Sources */,
				6B2DD85B2ECF51BE0029128A /* Frameworks */,
				6B2DD85C2ECF51BE0029128A /* Resources */,
			);
			buildRules = (
			);
			dependencies = (
			);
			fileSystemSynchronizedGroups = (
				6B2DD8602ECF51BE0029128A /* entrevista-tecnica */,
			);
			name = "entrevista-tecnica";
			packageProductDependencies = (
			);
			productName = "entrevista-tecnica";
			productReference = 6B2DD85E2ECF51BE0029128A /* entrevista-tecnica.app */;
			productType = "com.apple.product-type.application";
		};
		6B2DD8732ECF51C40029128A /* entrevista-tecnicaTests */ = {
			isa = PBXNativeTarget;
			buildConfigurationList = 6B2DD88C2ECF51C40029128A /* Build configuration list for PBXNativeTarget "entrevista-tecnicaTests" */;
			buildPhases = (
				6B2DD8702ECF51C40029128A /* Sources */,
				6B2DD8712ECF51C40029128A /* Frameworks */,
				6B2DD8722ECF51C40029128A /* Resources */,
			);
			buildRules = (
			);
			dependencies = (
				6B2DD8762ECF51C40029128A /* PBXTargetDependency */,
			);
			fileSystemSynchronizedGroups = (
				6B2DD8772ECF51C40029128A /* entrevista-tecnicaTests */,
			);
			name = "entrevista-tecnicaTests";
			packageProductDependencies = (
			);
			productName = "entrevista-tecnicaTests";
			productReference = 6B2DD8742ECF51C40029128A /* entrevista-tecnicaTests.xctest */;
			productType = "com.apple.product-type.bundle.unit-test";
		};
		6B2DD87D2ECF51C40029128A /* entrevista-tecnicaUITests */ = {
			isa = PBXNativeTarget;
			buildConfigurationList = 6B2DD88F2ECF51C40029128A /* Build configuration list for PBXNativeTarget "entrevista-tecnicaUITests" */;
			buildPhases = (
				6B2DD87A2ECF51C40029128A /* Sources */,
				6B2DD87B2ECF51C40029128A /* Frameworks */,
				6B2DD87C2ECF51C40029128A /* Resources */,
			);
			buildRules = (
			);
			dependencies = (
				6B2DD8802ECF51C40029128A /* PBXTargetDependency */,
			);
			fileSystemSynchronizedGroups = (
				6B2DD8812ECF51C40029128A /* entrevista-tecnicaUITests */,
			);
			name = "entrevista-tecnicaUITests";
			packageProductDependencies = (
			);
			productName = "entrevista-tecnicaUITests";
			productReference = 6B2DD87E2ECF51C40029128A /* entrevista-tecnicaUITests.xctest */;
			productType = "com.apple.product-type.bundle.ui-testing";
		};
/* End PBXNativeTarget section */

/* Begin PBXProject section */
		6B2DD8562ECF51BE0029128A /* Project object */ = {
			isa = PBXProject;
			attributes = {
				BuildIndependentTargetsInParallel = 1;
				LastSwiftUpdateCheck = 1640;
				LastUpgradeCheck = 1640;
				TargetAttributes = {
					6B2DD85D2ECF51BE0029128A = {
						CreatedOnToolsVersion = 16.4;
					};
					6B2DD8732ECF51C40029128A = {
						CreatedOnToolsVersion = 16.4;
						TestTargetID = 6B2DD85D2ECF51BE0029128A;
					};
					6B2DD87D2ECF51C40029128A = {
						CreatedOnToolsVersion = 16.4;
						TestTargetID = 6B2DD85D2ECF51BE0029128A;
					};
				};
			};
			buildConfigurationList = 6B2DD8592ECF51BE0029128A /* Build configuration list for PBXProject "entrevista-tecnica" */;
			developmentRegion = en;
			hasScannedForEncodings = 0;
			knownRegions = (
				en,
				Base,
			);
			mainGroup = 6B2DD8552ECF51BE0029128A;
			minimizedProjectReferenceProxies = 1;
			preferredProjectObjectVersion = 77;
			productRefGroup = 6B2DD85F2ECF51BE0029128A /* Products */;
			projectDirPath = "";
			projectRoot = "";
			targets = (
				6B2DD85D2ECF51BE0029128A /* entrevista-tecnica */,
				6B2DD8732ECF51C40029128A /* entrevista-tecnicaTests */,
				6B2DD87D2ECF51C40029128A /* entrevista-tecnicaUITests */,
			);
		};
/* End PBXProject section */

/* Begin PBXResourcesBuildPhase section */
		6B2DD85C2ECF51BE0029128A /* Resources */ = {
			isa = PBXResourcesBuildPhase;
			buildActionMask = 2147483647;
			files = (
			);
			runOnlyForDeploymentPostprocessing = 0;
		};
		6B2DD8722ECF51C40029128A /* Resources */ = {
			isa = PBXResourcesBuildPhase;
			buildActionMask = 2147483647;
			files = (
			);
			runOnlyForDeploymentPostprocessing = 0;
		};
		6B2DD87C2ECF51C40029128A /* Resources */ = {
			isa = PBXResourcesBuildPhase;
			buildActionMask = 2147483647;
			files = (
			);
			runOnlyForDeploymentPostprocessing = 0;
		};
/* End PBXResourcesBuildPhase section */

/* Begin PBXSourcesBuildPhase section */
		6B2DD85A2ECF51BE0029128A /* Sources */ = {
			isa = PBXSourcesBuildPhase;
			buildActionMask = 2147483647;
			files = (
			);
			runOnlyForDeploymentPostprocessing = 0;
		};
		6B2DD8702ECF51C40029128A /* Sources */ = {
			isa = PBXSourcesBuildPhase;
			buildActionMask = 2147483647;
			files = (
			);
			runOnlyForDeploymentPostprocessing = 0;
		};
		6B2DD87A2ECF51C40029128A /* Sources */ = {
			isa = PBXSourcesBuildPhase;
			buildActionMask = 2147483647;
			files = (
			);
			runOnlyForDeploymentPostprocessing = 0;
		};
/* End PBXSourcesBuildPhase section */

/* Begin PBXTargetDependency section */
		6B2DD8762ECF51C40029128A /* PBXTargetDependency */ = {
			isa = PBXTargetDependency;
			target = 6B2DD85D2ECF51BE0029128A /* entrevista-tecnica */;
			targetProxy = 6B2DD8752ECF51C40029128A /* PBXContainerItemProxy */;
		};
		6B2DD8802ECF51C40029128A /* PBXTargetDependency */ = {
			isa = PBXTargetDependency;
			target = 6B2DD85D2ECF51BE0029128A /* entrevista-tecnica */;
			targetProxy = 6B2DD87F2ECF51C40029128A /* PBXContainerItemProxy */;
		};
/* End PBXTargetDependency section */

/* Begin XCBuildConfiguration section */
		6B2DD8882ECF51C40029128A /* Debug */ = {
			isa = XCBuildConfiguration;
			buildSettings = {
				ASSETCATALOG_COMPILER_APPICON_NAME = AppIcon;
				ASSETCATALOG_COMPILER_GLOBAL_ACCENT_COLOR_NAME = AccentColor;
				CODE_SIGN_STYLE = Automatic;
				CURRENT_PROJECT_VERSION = 1;
				GENERATE_INFOPLIST_FILE = YES;
				INFOPLIST_FILE = "entrevista-tecnica/Info.plist";
				INFOPLIST_KEY_UIApplicationSupportsIndirectInputEvents = YES;
				INFOPLIST_KEY_UILaunchStoryboardName = HomeViewController.swift;
				INFOPLIST_KEY_UISupportedInterfaceOrientations_iPad = "UIInterfaceOrientationPortrait UIInterfaceOrientationPortraitUpsideDown UIInterfaceOrientationLandscapeLeft UIInterfaceOrientationLandscapeRight";
				INFOPLIST_KEY_UISupportedInterfaceOrientations_iPhone = "UIInterfaceOrientationPortrait UIInterfaceOrientationLandscapeLeft UIInterfaceOrientationLandscapeRight";
				LD_RUNPATH_SEARCH_PATHS = (
					"$(inherited)",
					"@executable_path/Frameworks",
				);
				MARKETING_VERSION = 1.0;
				PRODUCT_BUNDLE_IDENTIFIER = "firsen.entrevista-tecnica";
				PRODUCT_NAME = "$(TARGET_NAME)";
				SWIFT_EMIT_LOC_STRINGS = YES;
				SWIFT_VERSION = 5.0;
				TARGETED_DEVICE_FAMILY = "1,2";
			};
			name = Debug;
		};
		6B2DD8892ECF51C40029128A /* Release */ = {
			isa = XCBuildConfiguration;
			buildSettings = {
				ASSETCATALOG_COMPILER_APPICON_NAME = AppIcon;
				ASSETCATALOG_COMPILER_GLOBAL_ACCENT_COLOR_NAME = AccentColor;
				CODE_SIGN_STYLE = Automatic;
				CURRENT_PROJECT_VERSION = 1;
				GENERATE_INFOPLIST_FILE = YES;
				INFOPLIST_FILE = "entrevista-tecnica/Info.plist";
				INFOPLIST_KEY_UIApplicationSupportsIndirectInputEvents = YES;
				INFOPLIST_KEY_UILaunchStoryboardName = HomeViewController.swift;
				INFOPLIST_KEY_UISupportedInterfaceOrientations_iPad = "UIInterfaceOrientationPortrait UIInterfaceOrientationPortraitUpsideDown UIInterfaceOrientationLandscapeLeft UIInterfaceOrientationLandscapeRight";
				INFOPLIST_KEY_UISupportedInterfaceOrientations_iPhone = "UIInterfaceOrientationPortrait UIInterfaceOrientationLandscapeLeft UIInterfaceOrientationLandscapeRight";
				LD_RUNPATH_SEARCH_PATHS = (
					"$(inherited)",
					"@executable_path/Frameworks",
				);
				MARKETING_VERSION = 1.0;
				PRODUCT_BUNDLE_IDENTIFIER = "firsen.entrevista-tecnica";
				PRODUCT_NAME = "$(TARGET_NAME)";
				SWIFT_EMIT_LOC_STRINGS = YES;
				SWIFT_VERSION = 5.0;
				TARGETED_DEVICE_FAMILY = "1,2";
			};
			name = Release;
		};
		6B2DD88A2ECF51C40029128A /* Debug */ = {
			isa = XCBuildConfiguration;
			buildSettings = {
				ALWAYS_SEARCH_USER_PATHS = NO;
				ASSETCATALOG_COMPILER_GENERATE_SWIFT_ASSET_SYMBOL_EXTENSIONS = YES;
				CLANG_ANALYZER_NONNULL = YES;
				CLANG_ANALYZER_NUMBER_OBJECT_CONVERSION = YES_AGGRESSIVE;
				CLANG_CXX_LANGUAGE_STANDARD = "gnu++20";
				CLANG_ENABLE_MODULES = YES;
				CLANG_ENABLE_OBJC_ARC = YES;
				CLANG_ENABLE_OBJC_WEAK = YES;
				CLANG_WARN_BLOCK_CAPTURE_AUTORELEASING = YES;
				CLANG_WARN_BOOL_CONVERSION = YES;
				CLANG_WARN_COMMA = YES;
				CLANG_WARN_CONSTANT_CONVERSION = YES;
				CLANG_WARN_DEPRECATED_OBJC_IMPLEMENTATIONS = YES;
				CLANG_WARN_DIRECT_OBJC_ISA_USAGE = YES_ERROR;
				CLANG_WARN_DOCUMENTATION_COMMENTS = YES;
				CLANG_WARN_EMPTY_BODY = YES;
				CLANG_WARN_ENUM_CONVERSION = YES;
				CLANG_WARN_INFINITE_RECURSION = YES;
				CLANG_WARN_INT_CONVERSION = YES;
				CLANG_WARN_NON_LITERAL_NULL_CONVERSION = YES;
				CLANG_WARN_OBJC_IMPLICIT_RETAIN_SELF = YES;
				CLANG_WARN_OBJC_LITERAL_CONVERSION = YES;
				CLANG_WARN_OBJC_ROOT_CLASS = YES_ERROR;
				CLANG_WARN_QUOTED_INCLUDE_IN_FRAMEWORK_HEADER = YES;
				CLANG_WARN_RANGE_LOOP_ANALYSIS = YES;
				CLANG_WARN_STRICT_PROTOTYPES = YES;
				CLANG_WARN_SUSPICIOUS_MOVE = YES;
				CLANG_WARN_UNGUARDED_AVAILABILITY = YES_AGGRESSIVE;
				CLANG_WARN_UNREACHABLE_CODE = YES;
				CLANG_WARN__DUPLICATE_METHOD_MATCH = YES;
				COPY_PHASE_STRIP = NO;
				DEBUG_INFORMATION_FORMAT = dwarf;
				ENABLE_STRICT_OBJC_MSGSEND = YES;
				ENABLE_TESTABILITY = YES;
				ENABLE_USER_SCRIPT_SANDBOXING = YES;
				GCC_C_LANGUAGE_STANDARD = gnu17;
				GCC_DYNAMIC_NO_PIC = NO;
				GCC_NO_COMMON_BLOCKS = YES;
				GCC_OPTIMIZATION_LEVEL = 0;
				GCC_PREPROCESSOR_DEFINITIONS = (
					"DEBUG=1",
					"$(inherited)",
				);
				GCC_WARN_64_TO_32_BIT_CONVERSION = YES;
				GCC_WARN_ABOUT_RETURN_TYPE = YES_ERROR;
				GCC_WARN_UNDECLARED_SELECTOR = YES;
				GCC_WARN_UNINITIALIZED_AUTOS = YES_AGGRESSIVE;
				GCC_WARN_UNUSED_FUNCTION = YES;
				GCC_WARN_UNUSED_VARIABLE = YES;
				IPHONEOS_DEPLOYMENT_TARGET = 18.5;
				LOCALIZATION_PREFERS_STRING_CATALOGS = YES;
				MTL_ENABLE_DEBUG_INFO = INCLUDE_SOURCE;
				MTL_FAST_MATH = YES;
				ONLY_ACTIVE_ARCH = YES;
				SDKROOT = iphoneos;
				SWIFT_ACTIVE_COMPILATION_CONDITIONS = "DEBUG $(inherited)";
				SWIFT_OPTIMIZATION_LEVEL = "-Onone";
			};
			name = Debug;
		};
		6B2DD88B2ECF51C40029128A /* Release */ = {
			isa = XCBuildConfiguration;
			buildSettings = {
				ALWAYS_SEARCH_USER_PATHS = NO;
				ASSETCATALOG_COMPILER_GENERATE_SWIFT_ASSET_SYMBOL_EXTENSIONS = YES;
				CLANG_ANALYZER_NONNULL = YES;
				CLANG_ANALYZER_NUMBER_OBJECT_CONVERSION = YES_AGGRESSIVE;
				CLANG_CXX_LANGUAGE_STANDARD = "gnu++20";
				CLANG_ENABLE_MODULES = YES;
				CLANG_ENABLE_OBJC_ARC = YES;
				CLANG_ENABLE_OBJC_WEAK = YES;
				CLANG_WARN_BLOCK_CAPTURE_AUTORELEASING = YES;
				CLANG_WARN_BOOL_CONVERSION = YES;
				CLANG_WARN_COMMA = YES;
				CLANG_WARN_CONSTANT_CONVERSION = YES;
				CLANG_WARN_DEPRECATED_OBJC_IMPLEMENTATIONS = YES;
				CLANG_WARN_DIRECT_OBJC_ISA_USAGE = YES_ERROR;
				CLANG_WARN_DOCUMENTATION_COMMENTS = YES;
				CLANG_WARN_EMPTY_BODY = YES;
				CLANG_WARN_ENUM_CONVERSION = YES;
				CLANG_WARN_INFINITE_RECURSION = YES;
				CLANG_WARN_INT_CONVERSION = YES;
				CLANG_WARN_NON_LITERAL_NULL_CONVERSION = YES;
				CLANG_WARN_OBJC_IMPLICIT_RETAIN_SELF = YES;
				CLANG_WARN_OBJC_LITERAL_CONVERSION = YES;
				CLANG_WARN_OBJC_ROOT_CLASS = YES_ERROR;
				CLANG_WARN_QUOTED_INCLUDE_IN_FRAMEWORK_HEADER = YES;
				CLANG_WARN_RANGE_LOOP_ANALYSIS = YES;
				CLANG_WARN_STRICT_PROTOTYPES = YES;
				CLANG_WARN_SUSPICIOUS_MOVE = YES;
				CLANG_WARN_UNGUARDED_AVAILABILITY = YES_AGGRESSIVE;
				CLANG_WARN_UNREACHABLE_CODE = YES;
				CLANG_WARN__DUPLICATE_METHOD_MATCH = YES;
				COPY_PHASE_STRIP = NO;
				DEBUG_INFORMATION_FORMAT = "dwarf-with-dsym";
				ENABLE_NS_ASSERTIONS = NO;
				ENABLE_STRICT_OBJC_MSGSEND = YES;
				ENABLE_USER_SCRIPT_SANDBOXING = YES;
				GCC_C_LANGUAGE_STANDARD = gnu17;
				GCC_NO_COMMON_BLOCKS = YES;
				GCC_WARN_64_TO_32_BIT_CONVERSION = YES;
				GCC_WARN_ABOUT_RETURN_TYPE = YES_ERROR;
				GCC_WARN_UNDECLARED_SELECTOR = YES;
				GCC_WARN_UNINITIALIZED_AUTOS = YES_AGGRESSIVE;
				GCC_WARN_UNUSED_FUNCTION = YES;
				GCC_WARN_UNUSED_VARIABLE = YES;
				IPHONEOS_DEPLOYMENT_TARGET = 18.5;
				LOCALIZATION_PREFERS_STRING_CATALOGS = YES;
				MTL_ENABLE_DEBUG_INFO = NO;
				MTL_FAST_MATH = YES;
				SDKROOT = iphoneos;
				SWIFT_COMPILATION_MODE = wholemodule;
				VALIDATE_PRODUCT = YES;
			};
			name = Release;
		};
		6B2DD88D2ECF51C40029128A /* Debug */ = {
			isa = XCBuildConfiguration;
			buildSettings = {
				BUNDLE_LOADER = "$(TEST_HOST)";
				CODE_SIGN_STYLE = Automatic;
				CURRENT_PROJECT_VERSION = 1;
				GENERATE_INFOPLIST_FILE = YES;
				IPHONEOS_DEPLOYMENT_TARGET = 18.5;
				MARKETING_VERSION = 1.0;
				PRODUCT_BUNDLE_IDENTIFIER = "firsen.entrevista-tecnicaTests";
				PRODUCT_NAME = "$(TARGET_NAME)";
				SWIFT_EMIT_LOC_STRINGS = NO;
				SWIFT_VERSION = 5.0;
				TARGETED_DEVICE_FAMILY = "1,2";
				TEST_HOST = "$(BUILT_PRODUCTS_DIR)/entrevista-tecnica.app/$(BUNDLE_EXECUTABLE_FOLDER_PATH)/entrevista-tecnica";
			};
			name = Debug;
		};
		6B2DD88E2ECF51C40029128A /* Release */ = {
			isa = XCBuildConfiguration;
			buildSettings = {
				BUNDLE_LOADER = "$(TEST_HOST)";
				CODE_SIGN_STYLE = Automatic;
				CURRENT_PROJECT_VERSION = 1;
				GENERATE_INFOPLIST_FILE = YES;
				IPHONEOS_DEPLOYMENT_TARGET = 18.5;
				MARKETING_VERSION = 1.0;
				PRODUCT_BUNDLE_IDENTIFIER = "firsen.entrevista-tecnicaTests";
				PRODUCT_NAME = "$(TARGET_NAME)";
				SWIFT_EMIT_LOC_STRINGS = NO;
				SWIFT_VERSION = 5.0;
				TARGETED_DEVICE_FAMILY = "1,2";
				TEST_HOST = "$(BUILT_PRODUCTS_DIR)/entrevista-tecnica.app/$(BUNDLE_EXECUTABLE_FOLDER_PATH)/entrevista-tecnica";
			};
			name = Release;
		};
		6B2DD8902ECF51C40029128A /* Debug */ = {
			isa = XCBuildConfiguration;
			buildSettings = {
				CODE_SIGN_STYLE = Automatic;
				CURRENT_PROJECT_VERSION = 1;
				GENERATE_INFOPLIST_FILE = YES;
				MARKETING_VERSION = 1.0;
				PRODUCT_BUNDLE_IDENTIFIER = "firsen.entrevista-tecnicaUITests";
				PRODUCT_NAME = "$(TARGET_NAME)";
				SWIFT_EMIT_LOC_STRINGS = NO;
				SWIFT_VERSION = 5.0;
				TARGETED_DEVICE_FAMILY = "1,2";
				TEST_TARGET_NAME = "entrevista-tecnica";
			};
			name = Debug;
		};
		6B2DD8912ECF51C40029128A /* Release */ = {
			isa = XCBuildConfiguration;
			buildSettings = {
				CODE_SIGN_STYLE = Automatic;
				CURRENT_PROJECT_VERSION = 1;
				GENERATE_INFOPLIST_FILE = YES;
				MARKETING_VERSION = 1.0;
				PRODUCT_BUNDLE_IDENTIFIER = "firsen.entrevista-tecnicaUITests";
				PRODUCT_NAME = "$(TARGET_NAME)";
				SWIFT_EMIT_LOC_STRINGS = NO;
				SWIFT_VERSION = 5.0;
				TARGETED_DEVICE_FAMILY = "1,2";
				TEST_TARGET_NAME = "entrevista-tecnica";
			};
			name = Release;
		};
/* End XCBuildConfiguration section */

/* Begin XCConfigurationList section */
		6B2DD8592ECF51BE0029128A /* Build configuration list for PBXProject "entrevista-tecnica" */ = {
			isa = XCConfigurationList;
			buildConfigurations = (
				6B2DD88A2ECF51C40029128A /* Debug */,
				6B2DD88B2ECF51C40029128A /* Release */,
			);
			defaultConfigurationIsVisible = 0;
			defaultConfigurationName = Release;
		};
		6B2DD8872ECF51C40029128A /* Build configuration list for PBXNativeTarget "entrevista-tecnica" */ = {
			isa = XCConfigurationList;
			buildConfigurations = (
				6B2DD8882ECF51C40029128A /* Debug */,
				6B2DD8892ECF51C40029128A /* Release */,
			);
			defaultConfigurationIsVisible = 0;
			defaultConfigurationName = Release;
		};
		6B2DD88C2ECF51C40029128A /* Build configuration list for PBXNativeTarget "entrevista-tecnicaTests" */ = {
			isa = XCConfigurationList;
			buildConfigurations = (
				6B2DD88D2ECF51C40029128A /* Debug */,
				6B2DD88E2ECF51C40029128A /* Release */,
			);
			defaultConfigurationIsVisible = 0;
			defaultConfigurationName = Release;
		};
		6B2DD88F2ECF51C40029128A /* Build configuration list for PBXNativeTarget "entrevista-tecnicaUITests" */ = {
			isa = XCConfigurationList;
			buildConfigurations = (
				6B2DD8902ECF51C40029128A /* Debug */,
				6B2DD8912ECF51C40029128A /* Release */,
			);
			defaultConfigurationIsVisible = 0;
			defaultConfigurationName = Release;
		};
/* End XCConfigurationList section */
	};
	rootObject = 6B2DD8562ECF51BE0029128A /* Project object */;
}
